
Microsoft Visual Studio Solution File, Format Version 12.00
# Visual Studio Version 17
VisualStudioVersion = 17.13.35931.197 d17.13
MinimumVisualStudioVersion = 10.0.40219.1
Project("{FAE04EC0-301F-11D3-BF4B-00C04F79EFBC}") = "csharp-feature-explore", "csharp-feature-explore.csproj", "{94C30B33-657C-4FA7-A723-4CA70985B3AA}"
EndProject
Global
	GlobalSection(SolutionConfigurationPlatforms) = preSolution
		Debug|Any CPU = Debug|Any CPU
		Release|Any CPU = Release|Any CPU
	EndGlobalSection
	GlobalSection(ProjectConfigurationPlatforms) = postSolution
		{94C30B33-657C-4FA7-A723-4CA70985B3AA}.Debug|Any CPU.ActiveCfg = Debug|Any CPU
		{94C30B33-657C-4FA7-A723-4CA70985B3AA}.Debug|Any CPU.Build.0 = Debug|Any CPU
		{94C30B33-657C-4FA7-A723-4CA70985B3AA}.Release|Any CPU.ActiveCfg = Release|Any CPU
		{94C30B33-657C-4FA7-A723-4CA70985B3AA}.Release|Any CPU.Build.0 = Release|Any CPU
	EndGlobalSection
	GlobalSection(SolutionProperties) = preSolution
		HideSolutionNode = FALSE
	EndGlobalSection
	GlobalSection(ExtensibilityGlobals) = postSolution
		SolutionGuid = {B4EA86FF-6B9C-48C2-981D-A9872C7556FE}
	EndGlobalSection
EndGlobal
